
Microsoft Visual Studio Solution File, Format Version 12.00
# Visual Studio Version 17
VisualStudioVersion = 17.11.35219.272
MinimumVisualStudioVersion = 10.0.40219.1
Project("{FAE04EC0-301F-11D3-BF4B-00C04F79EFBC}") = "TournamentsApplication", "TournamentsApplication\TournamentsApplication.csproj", "{6739AC64-BFD6-4AC9-8DCE-88171CD87DDA}"
EndProject
Global
	GlobalSection(SolutionConfigurationPlatforms) = preSolution
		Debug|Any CPU = Debug|Any CPU
		Release|Any CPU = Release|Any CPU
	EndGlobalSection
	GlobalSection(ProjectConfigurationPlatforms) = postSolution
		{6739AC64-BFD6-4AC9-8DCE-88171CD87DDA}.Debug|Any CPU.ActiveCfg = Debug|Any CPU
		{6739AC64-BFD6-4AC9-8DCE-88171CD87DDA}.Debug|Any CPU.Build.0 = Debug|Any CPU
		{6739AC64-BFD6-4AC9-8DCE-88171CD87DDA}.Release|Any CPU.ActiveCfg = Release|Any CPU
		{6739AC64-BFD6-4AC9-8DCE-88171CD87DDA}.Release|Any CPU.Build.0 = Release|Any CPU
	EndGlobalSection
	GlobalSection(SolutionProperties) = preSolution
		HideSolutionNode = FALSE
	EndGlobalSection
	GlobalSection(ExtensibilityGlobals) = postSolution
		SolutionGuid = {1FDD16AB-C3C7-4FD7-908C-040519B0376A}
	EndGlobalSection
EndGlobal
